
Microsoft Visual Studio Solution File, Format Version 12.00
# Visual Studio Version 17
VisualStudioVersion = 17.9.34701.34
MinimumVisualStudioVersion = 10.0.40219.1
Project("{FAE04EC0-301F-11D3-BF4B-00C04F79EFBC}") = "IEngineer.Api", "IEngineer.Api\IEngineer.Api.csproj", "{E73E299D-CB0E-4630-AC47-64CB0A53E45D}"
EndProject
Project("{FAE04EC0-301F-11D3-BF4B-00C04F79EFBC}") = "IEngineer.Domain", "IEngineer.Domain\IEngineer.Domain.csproj", "{B8052F3D-56EA-4E31-81C8-C5CF3E11A394}"
EndProject
Project("{FAE04EC0-301F-11D3-BF4B-00C04F79EFBC}") = "IEngineer.Application", "IEngineer.Application\IEngineer.Application.csproj", "{0DBD6F50-6F04-4126-8F7A-3EA5A7B57762}"
EndProject
Project("{FAE04EC0-301F-11D3-BF4B-00C04F79EFBC}") = "IEngineer.Infrastructure", "IEngineer.Infrastructure\IEngineer.Infrastructure.csproj", "{4CE79AA2-3AB9-468C-981E-21D51F91FF29}"
EndProject
Global
	GlobalSection(SolutionConfigurationPlatforms) = preSolution
		Debug|Any CPU = Debug|Any CPU
		Release|Any CPU = Release|Any CPU
	EndGlobalSection
	GlobalSection(ProjectConfigurationPlatforms) = postSolution
		{E73E299D-CB0E-4630-AC47-64CB0A53E45D}.Debug|Any CPU.ActiveCfg = Debug|Any CPU
		{E73E299D-CB0E-4630-AC47-64CB0A53E45D}.Debug|Any CPU.Build.0 = Debug|Any CPU
		{E73E299D-CB0E-4630-AC47-64CB0A53E45D}.Release|Any CPU.ActiveCfg = Release|Any CPU
		{E73E299D-CB0E-4630-AC47-64CB0A53E45D}.Release|Any CPU.Build.0 = Release|Any CPU
		{B8052F3D-56EA-4E31-81C8-C5CF3E11A394}.Debug|Any CPU.ActiveCfg = Debug|Any CPU
		{B8052F3D-56EA-4E31-81C8-C5CF3E11A394}.Debug|Any CPU.Build.0 = Debug|Any CPU
		{B8052F3D-56EA-4E31-81C8-C5CF3E11A394}.Release|Any CPU.ActiveCfg = Release|Any CPU
		{B8052F3D-56EA-4E31-81C8-C5CF3E11A394}.Release|Any CPU.Build.0 = Release|Any CPU
		{0DBD6F50-6F04-4126-8F7A-3EA5A7B57762}.Debug|Any CPU.ActiveCfg = Debug|Any CPU
		{0DBD6F50-6F04-4126-8F7A-3EA5A7B57762}.Debug|Any CPU.Build.0 = Debug|Any CPU
		{0DBD6F50-6F04-4126-8F7A-3EA5A7B57762}.Release|Any CPU.ActiveCfg = Release|Any CPU
		{0DBD6F50-6F04-4126-8F7A-3EA5A7B57762}.Release|Any CPU.Build.0 = Release|Any CPU
		{4CE79AA2-3AB9-468C-981E-21D51F91FF29}.Debug|Any CPU.ActiveCfg = Debug|Any CPU
		{4CE79AA2-3AB9-468C-981E-21D51F91FF29}.Debug|Any CPU.Build.0 = Debug|Any CPU
		{4CE79AA2-3AB9-468C-981E-21D51F91FF29}.Release|Any CPU.ActiveCfg = Release|Any CPU
		{4CE79AA2-3AB9-468C-981E-21D51F91FF29}.Release|Any CPU.Build.0 = Release|Any CPU
	EndGlobalSection
	GlobalSection(SolutionProperties) = preSolution
		HideSolutionNode = FALSE
	EndGlobalSection
	GlobalSection(ExtensibilityGlobals) = postSolution
		SolutionGuid = {D5C26F95-10B7-441F-8669-957569E4F2DE}
	EndGlobalSection
EndGlobal
